// !$*UTF8*$!
{
	archiveVersion = 1;
	classes = {
	};
	objectVersion = 52;
	objects = {

/* Begin PBXBuildFile section */
		2D0C9F1F24DC46D6005F2D2B /* CollectionViewLayoutGenerator.swift in Sources */ = {isa = PBXBuildFile; fileRef = 2D0C9F1E24DC46D6005F2D2B /* CollectionViewLayoutGenerator.swift */; };
		2D0D778424DA088F0037C377 /* UIColor.swift in Sources */ = {isa = PBXBuildFile; fileRef = 2D0D778324DA088F0037C377 /* UIColor.swift */; };
		2D0D778624DA0A3C0037C377 /* UIFont.swift in Sources */ = {isa = PBXBuildFile; fileRef = 2D0D778524DA0A3C0037C377 /* UIFont.swift */; };
		2D0E735B24D609C200B697EA /* HeaderCollectionViewCell.swift in Sources */ = {isa = PBXBuildFile; fileRef = 2D0E735A24D609C200B697EA /* HeaderCollectionViewCell.swift */; };
		2D0E735D24D6B6C100B697EA /* ContactCollectionViewCell.swift in Sources */ = {isa = PBXBuildFile; fileRef = 2D0E735C24D6B6C100B697EA /* ContactCollectionViewCell.swift */; };
		2D1C272E24CB24C600787E61 /* DataSource.swift in Sources */ = {isa = PBXBuildFile; fileRef = 2D1C272D24CB24C600787E61 /* DataSource.swift */; };
		2D1C273024CB283000787E61 /* DataSourceTests.swift in Sources */ = {isa = PBXBuildFile; fileRef = 2D1C272F24CB283000787E61 /* DataSourceTests.swift */; };
		2D2BB9C924C6F88200235BE9 /* ImagePresenterTests.swift in Sources */ = {isa = PBXBuildFile; fileRef = 2D2BB9C824C6F88200235BE9 /* ImagePresenterTests.swift */; };
		2D2BB9CB24C6F8F600235BE9 /* ImageViewLogicMocks.swift in Sources */ = {isa = PBXBuildFile; fileRef = 2D2BB9CA24C6F8F600235BE9 /* ImageViewLogicMocks.swift */; };
		2D2C087D24D99707001EFA58 /* ImageCollectionViewCell.swift in Sources */ = {isa = PBXBuildFile; fileRef = 2D2C087C24D99707001EFA58 /* ImageCollectionViewCell.swift */; };
		2D2D0A8324C4515B0023FA22 /* Logging in Frameworks */ = {isa = PBXBuildFile; productRef = 2D2D0A8224C4515B0023FA22 /* Logging */; };
		2D2D0A8524C452A00023FA22 /* Logger.swift in Sources */ = {isa = PBXBuildFile; fileRef = 2D2D0A8424C452A00023FA22 /* Logger.swift */; };
		2D2F27D824C39352004C8D8E /* AppDelegate.swift in Sources */ = {isa = PBXBuildFile; fileRef = 2D2F27D724C39352004C8D8E /* AppDelegate.swift */; };
		2D2F27DA24C39352004C8D8E /* SceneDelegate.swift in Sources */ = {isa = PBXBuildFile; fileRef = 2D2F27D924C39352004C8D8E /* SceneDelegate.swift */; };
		2D2F27DC24C39352004C8D8E /* ViewController.swift in Sources */ = {isa = PBXBuildFile; fileRef = 2D2F27DB24C39352004C8D8E /* ViewController.swift */; };
		2D2F27DF24C39352004C8D8E /* Main.storyboard in Resources */ = {isa = PBXBuildFile; fileRef = 2D2F27DD24C39352004C8D8E /* Main.storyboard */; };
		2D2F27E124C39354004C8D8E /* Assets.xcassets in Resources */ = {isa = PBXBuildFile; fileRef = 2D2F27E024C39354004C8D8E /* Assets.xcassets */; };
		2D2F27E424C39354004C8D8E /* LaunchScreen.storyboard in Resources */ = {isa = PBXBuildFile; fileRef = 2D2F27E224C39354004C8D8E /* LaunchScreen.storyboard */; };
		2D2F27FA24C39354004C8D8E /* CVUITests.swift in Sources */ = {isa = PBXBuildFile; fileRef = 2D2F27F924C39354004C8D8E /* CVUITests.swift */; };
		2D2F281024C397BC004C8D8E /* ImageViewController.swift in Sources */ = {isa = PBXBuildFile; fileRef = 2D2F280F24C397BC004C8D8E /* ImageViewController.swift */; };
		2D2F281224C399EF004C8D8E /* ImageInteractor.swift in Sources */ = {isa = PBXBuildFile; fileRef = 2D2F281124C399EF004C8D8E /* ImageInteractor.swift */; };
		2D2F281424C39A02004C8D8E /* ImagePresenter.swift in Sources */ = {isa = PBXBuildFile; fileRef = 2D2F281324C39A02004C8D8E /* ImagePresenter.swift */; };
		2D4BEB4324C5B60900F6DE8A /* CVStubs.swift in Sources */ = {isa = PBXBuildFile; fileRef = 2D4BEB4224C5B60900F6DE8A /* CVStubs.swift */; };
		2D5BB3C424C45BD1006DE8E2 /* ImageProviderTests.swift in Sources */ = {isa = PBXBuildFile; fileRef = 2D5BB3C324C45BD1006DE8E2 /* ImageProviderTests.swift */; };
		2D5BB3C924C4647B006DE8E2 /* empty.json in Resources */ = {isa = PBXBuildFile; fileRef = 2D5BB3C824C4647B006DE8E2 /* empty.json */; };
		2D5BB3CB24C464A7006DE8E2 /* TestsFiles.swift in Sources */ = {isa = PBXBuildFile; fileRef = 2D5BB3CA24C464A7006DE8E2 /* TestsFiles.swift */; };
		2D865DB424EFD12500407205 /* AboutCollectionViewCell.swift in Sources */ = {isa = PBXBuildFile; fileRef = 2D865DB324EFD12500407205 /* AboutCollectionViewCell.swift */; };
		2D8C6E7E24EFE01B006D8B5C /* Localizable.strings in Resources */ = {isa = PBXBuildFile; fileRef = 2D8C6E8024EFE01B006D8B5C /* Localizable.strings */; };
		2D957C4224C39E0B000BDC86 /* ImageProvider.swift in Sources */ = {isa = PBXBuildFile; fileRef = 2D957C4124C39E0B000BDC86 /* ImageProvider.swift */; };
		2D957C4624C3A039000BDC86 /* ImageInteractorTests.swift in Sources */ = {isa = PBXBuildFile; fileRef = 2D957C4524C3A039000BDC86 /* ImageInteractorTests.swift */; };
		2D957C4924C3A274000BDC86 /* Quick in Frameworks */ = {isa = PBXBuildFile; productRef = 2D957C4824C3A274000BDC86 /* Quick */; };
		2D957C4D24C3A2D3000BDC86 /* Nimble in Frameworks */ = {isa = PBXBuildFile; productRef = 2D957C4C24C3A2D3000BDC86 /* Nimble */; };
		2DAF343B24D8AA6700F33949 /* CellProvider.swift in Sources */ = {isa = PBXBuildFile; fileRef = 2DAF343A24D8AA6700F33949 /* CellProvider.swift */; };
		2DAF343D24D8AC1700F33949 /* UICollectionViewCell.swift in Sources */ = {isa = PBXBuildFile; fileRef = 2DAF343C24D8AC1700F33949 /* UICollectionViewCell.swift */; };
		2DAF343F24D8B81900F33949 /* UICollectionView.swift in Sources */ = {isa = PBXBuildFile; fileRef = 2DAF343E24D8B81900F33949 /* UICollectionView.swift */; };
		2DAF344224D8B99800F33949 /* CellProviderTests.swift in Sources */ = {isa = PBXBuildFile; fileRef = 2DAF344124D8B99800F33949 /* CellProviderTests.swift */; };
		2DAF344424D9FCB200F33949 /* BebasNeue-Regular.ttf in Resources */ = {isa = PBXBuildFile; fileRef = 2DAF344324D9FCB200F33949 /* BebasNeue-Regular.ttf */; };
		2DAF344624D9FCBC00F33949 /* BebasNeue-Bold.ttf in Resources */ = {isa = PBXBuildFile; fileRef = 2DAF344524D9FCBB00F33949 /* BebasNeue-Bold.ttf */; };
		2DAF344B24DA006500F33949 /* OpenSans-Regular.ttf in Resources */ = {isa = PBXBuildFile; fileRef = 2DAF344A24DA006500F33949 /* OpenSans-Regular.ttf */; };
		2DDFEAE124C3A5A700E016BC /* Spy.swift in Sources */ = {isa = PBXBuildFile; fileRef = 2DDFEADF24C3A5A700E016BC /* Spy.swift */; };
		2DDFEAE224C3A5A700E016BC /* Stub.swift in Sources */ = {isa = PBXBuildFile; fileRef = 2DDFEAE024C3A5A700E016BC /* Stub.swift */; };
		2DDFEAE524C3A5E500E016BC /* ImagePresenterMocks.swift in Sources */ = {isa = PBXBuildFile; fileRef = 2DDFEAE424C3A5E500E016BC /* ImagePresenterMocks.swift */; };
		2DDFEAE724C42CA400E016BC /* Stubs.swift in Sources */ = {isa = PBXBuildFile; fileRef = 2DDFEAE624C42CA400E016BC /* Stubs.swift */; };
		2DDFEAE924C42CE300E016BC /* ImageProviderMocks.swift in Sources */ = {isa = PBXBuildFile; fileRef = 2DDFEAE824C42CE300E016BC /* ImageProviderMocks.swift */; };
		2DDFEAEB24C44D2D00E016BC /* Profile.jpeg in Resources */ = {isa = PBXBuildFile; fileRef = 2DDFEAEA24C44D2D00E016BC /* Profile.jpeg */; };
		2DDFEAEE24C44DE200E016BC /* UIView.swift in Sources */ = {isa = PBXBuildFile; fileRef = 2DDFEAED24C44DE200E016BC /* UIView.swift */; };
		2DDFEAF124C44E8300E016BC /* UIViewController.swift in Sources */ = {isa = PBXBuildFile; fileRef = 2DDFEAF024C44E8300E016BC /* UIViewController.swift */; };
		2DE5CD2724C467B400824F46 /* whitePixel.png in Resources */ = {isa = PBXBuildFile; fileRef = 2DE5CD2624C467B400824F46 /* whitePixel.png */; };
		2DEB5AD524EFDBAC002D2F3B /* String.swift in Sources */ = {isa = PBXBuildFile; fileRef = 2DEB5AD424EFDBAC002D2F3B /* String.swift */; };
		2DFAFE6C24C9693D00E84DC9 /* ViewModel.swift in Sources */ = {isa = PBXBuildFile; fileRef = 2DFAFE6B24C9693D00E84DC9 /* ViewModel.swift */; };
/* End PBXBuildFile section */

/* Begin PBXContainerItemProxy section */
		2D2F27EB24C39354004C8D8E /* PBXContainerItemProxy */ = {
			isa = PBXContainerItemProxy;
			containerPortal = 2D2F27CC24C39352004C8D8E /* Project object */;
			proxyType = 1;
			remoteGlobalIDString = 2D2F27D324C39352004C8D8E;
			remoteInfo = CV;
		};
		2D2F27F624C39354004C8D8E /* PBXContainerItemProxy */ = {
			isa = PBXContainerItemProxy;
			containerPortal = 2D2F27CC24C39352004C8D8E /* Project object */;
			proxyType = 1;
			remoteGlobalIDString = 2D2F27D324C39352004C8D8E;
			remoteInfo = CV;
		};
/* End PBXContainerItemProxy section */

/* Begin PBXFileReference section */
		2D0C9F1E24DC46D6005F2D2B /* CollectionViewLayoutGenerator.swift */ = {isa = PBXFileReference; lastKnownFileType = sourcecode.swift; path = CollectionViewLayoutGenerator.swift; sourceTree = "<group>"; };
		2D0D778324DA088F0037C377 /* UIColor.swift */ = {isa = PBXFileReference; lastKnownFileType = sourcecode.swift; path = UIColor.swift; sourceTree = "<group>"; };
		2D0D778524DA0A3C0037C377 /* UIFont.swift */ = {isa = PBXFileReference; lastKnownFileType = sourcecode.swift; path = UIFont.swift; sourceTree = "<group>"; };
		2D0E735A24D609C200B697EA /* HeaderCollectionViewCell.swift */ = {isa = PBXFileReference; lastKnownFileType = sourcecode.swift; path = HeaderCollectionViewCell.swift; sourceTree = "<group>"; };
		2D0E735C24D6B6C100B697EA /* ContactCollectionViewCell.swift */ = {isa = PBXFileReference; lastKnownFileType = sourcecode.swift; path = ContactCollectionViewCell.swift; sourceTree = "<group>"; };
		2D1C272D24CB24C600787E61 /* DataSource.swift */ = {isa = PBXFileReference; lastKnownFileType = sourcecode.swift; path = DataSource.swift; sourceTree = "<group>"; };
		2D1C272F24CB283000787E61 /* DataSourceTests.swift */ = {isa = PBXFileReference; lastKnownFileType = sourcecode.swift; path = DataSourceTests.swift; sourceTree = "<group>"; };
		2D2BB9C824C6F88200235BE9 /* ImagePresenterTests.swift */ = {isa = PBXFileReference; lastKnownFileType = sourcecode.swift; path = ImagePresenterTests.swift; sourceTree = "<group>"; };
		2D2BB9CA24C6F8F600235BE9 /* ImageViewLogicMocks.swift */ = {isa = PBXFileReference; lastKnownFileType = sourcecode.swift; path = ImageViewLogicMocks.swift; sourceTree = "<group>"; };
		2D2C087C24D99707001EFA58 /* ImageCollectionViewCell.swift */ = {isa = PBXFileReference; lastKnownFileType = sourcecode.swift; path = ImageCollectionViewCell.swift; sourceTree = "<group>"; };
		2D2D0A8424C452A00023FA22 /* Logger.swift */ = {isa = PBXFileReference; lastKnownFileType = sourcecode.swift; path = Logger.swift; sourceTree = "<group>"; };
		2D2F27D424C39352004C8D8E /* CV.app */ = {isa = PBXFileReference; explicitFileType = wrapper.application; includeInIndex = 0; path = CV.app; sourceTree = BUILT_PRODUCTS_DIR; };
		2D2F27D724C39352004C8D8E /* AppDelegate.swift */ = {isa = PBXFileReference; lastKnownFileType = sourcecode.swift; path = AppDelegate.swift; sourceTree = "<group>"; };
		2D2F27D924C39352004C8D8E /* SceneDelegate.swift */ = {isa = PBXFileReference; lastKnownFileType = sourcecode.swift; path = SceneDelegate.swift; sourceTree = "<group>"; };
		2D2F27DB24C39352004C8D8E /* ViewController.swift */ = {isa = PBXFileReference; lastKnownFileType = sourcecode.swift; path = ViewController.swift; sourceTree = "<group>"; };
		2D2F27DE24C39352004C8D8E /* Base */ = {isa = PBXFileReference; lastKnownFileType = file.storyboard; name = Base; path = Base.lproj/Main.storyboard; sourceTree = "<group>"; };
		2D2F27E024C39354004C8D8E /* Assets.xcassets */ = {isa = PBXFileReference; lastKnownFileType = folder.assetcatalog; path = Assets.xcassets; sourceTree = "<group>"; };
		2D2F27E324C39354004C8D8E /* Base */ = {isa = PBXFileReference; lastKnownFileType = file.storyboard; name = Base; path = Base.lproj/LaunchScreen.storyboard; sourceTree = "<group>"; };
		2D2F27E524C39354004C8D8E /* Info.plist */ = {isa = PBXFileReference; lastKnownFileType = text.plist.xml; path = Info.plist; sourceTree = "<group>"; };
		2D2F27EA24C39354004C8D8E /* CVTests.xctest */ = {isa = PBXFileReference; explicitFileType = wrapper.cfbundle; includeInIndex = 0; path = CVTests.xctest; sourceTree = BUILT_PRODUCTS_DIR; };
		2D2F27F024C39354004C8D8E /* Info.plist */ = {isa = PBXFileReference; lastKnownFileType = text.plist.xml; path = Info.plist; sourceTree = "<group>"; };
		2D2F27F524C39354004C8D8E /* CVUITests.xctest */ = {isa = PBXFileReference; explicitFileType = wrapper.cfbundle; includeInIndex = 0; path = CVUITests.xctest; sourceTree = BUILT_PRODUCTS_DIR; };
		2D2F27F924C39354004C8D8E /* CVUITests.swift */ = {isa = PBXFileReference; lastKnownFileType = sourcecode.swift; path = CVUITests.swift; sourceTree = "<group>"; };
		2D2F27FB24C39354004C8D8E /* Info.plist */ = {isa = PBXFileReference; lastKnownFileType = text.plist.xml; path = Info.plist; sourceTree = "<group>"; };
		2D2F280F24C397BC004C8D8E /* ImageViewController.swift */ = {isa = PBXFileReference; lastKnownFileType = sourcecode.swift; path = ImageViewController.swift; sourceTree = "<group>"; };
		2D2F281124C399EF004C8D8E /* ImageInteractor.swift */ = {isa = PBXFileReference; lastKnownFileType = sourcecode.swift; path = ImageInteractor.swift; sourceTree = "<group>"; };
		2D2F281324C39A02004C8D8E /* ImagePresenter.swift */ = {isa = PBXFileReference; lastKnownFileType = sourcecode.swift; path = ImagePresenter.swift; sourceTree = "<group>"; };
		2D4BEB4224C5B60900F6DE8A /* CVStubs.swift */ = {isa = PBXFileReference; lastKnownFileType = sourcecode.swift; path = CVStubs.swift; sourceTree = "<group>"; };
		2D5BB3C324C45BD1006DE8E2 /* ImageProviderTests.swift */ = {isa = PBXFileReference; lastKnownFileType = sourcecode.swift; path = ImageProviderTests.swift; sourceTree = "<group>"; };
		2D5BB3C824C4647B006DE8E2 /* empty.json */ = {isa = PBXFileReference; fileEncoding = 4; lastKnownFileType = text.json; path = empty.json; sourceTree = "<group>"; };
		2D5BB3CA24C464A7006DE8E2 /* TestsFiles.swift */ = {isa = PBXFileReference; lastKnownFileType = sourcecode.swift; path = TestsFiles.swift; sourceTree = "<group>"; };
		2D865DB324EFD12500407205 /* AboutCollectionViewCell.swift */ = {isa = PBXFileReference; lastKnownFileType = sourcecode.swift; path = AboutCollectionViewCell.swift; sourceTree = "<group>"; };
		2D8C6E7F24EFE01B006D8B5C /* en */ = {isa = PBXFileReference; lastKnownFileType = text.plist.strings; name = en; path = en.lproj/Localizable.strings; sourceTree = "<group>"; };
		2D957C4124C39E0B000BDC86 /* ImageProvider.swift */ = {isa = PBXFileReference; lastKnownFileType = sourcecode.swift; path = ImageProvider.swift; sourceTree = "<group>"; };
		2D957C4524C3A039000BDC86 /* ImageInteractorTests.swift */ = {isa = PBXFileReference; lastKnownFileType = sourcecode.swift; path = ImageInteractorTests.swift; sourceTree = "<group>"; };
		2DAF343A24D8AA6700F33949 /* CellProvider.swift */ = {isa = PBXFileReference; lastKnownFileType = sourcecode.swift; path = CellProvider.swift; sourceTree = "<group>"; };
		2DAF343C24D8AC1700F33949 /* UICollectionViewCell.swift */ = {isa = PBXFileReference; lastKnownFileType = sourcecode.swift; path = UICollectionViewCell.swift; sourceTree = "<group>"; };
		2DAF343E24D8B81900F33949 /* UICollectionView.swift */ = {isa = PBXFileReference; lastKnownFileType = sourcecode.swift; path = UICollectionView.swift; sourceTree = "<group>"; };
		2DAF344124D8B99800F33949 /* CellProviderTests.swift */ = {isa = PBXFileReference; lastKnownFileType = sourcecode.swift; path = CellProviderTests.swift; sourceTree = "<group>"; };
		2DAF344324D9FCB200F33949 /* BebasNeue-Regular.ttf */ = {isa = PBXFileReference; lastKnownFileType = file; path = "BebasNeue-Regular.ttf"; sourceTree = "<group>"; };
		2DAF344524D9FCBB00F33949 /* BebasNeue-Bold.ttf */ = {isa = PBXFileReference; lastKnownFileType = file; path = "BebasNeue-Bold.ttf"; sourceTree = "<group>"; };
		2DAF344A24DA006500F33949 /* OpenSans-Regular.ttf */ = {isa = PBXFileReference; lastKnownFileType = file; path = "OpenSans-Regular.ttf"; sourceTree = "<group>"; };
		2DDFEADF24C3A5A700E016BC /* Spy.swift */ = {isa = PBXFileReference; fileEncoding = 4; lastKnownFileType = sourcecode.swift; path = Spy.swift; sourceTree = "<group>"; };
		2DDFEAE024C3A5A700E016BC /* Stub.swift */ = {isa = PBXFileReference; fileEncoding = 4; lastKnownFileType = sourcecode.swift; path = Stub.swift; sourceTree = "<group>"; };
		2DDFEAE424C3A5E500E016BC /* ImagePresenterMocks.swift */ = {isa = PBXFileReference; lastKnownFileType = sourcecode.swift; path = ImagePresenterMocks.swift; sourceTree = "<group>"; };
		2DDFEAE624C42CA400E016BC /* Stubs.swift */ = {isa = PBXFileReference; fileEncoding = 4; lastKnownFileType = sourcecode.swift; path = Stubs.swift; sourceTree = "<group>"; };
		2DDFEAE824C42CE300E016BC /* ImageProviderMocks.swift */ = {isa = PBXFileReference; lastKnownFileType = sourcecode.swift; path = ImageProviderMocks.swift; sourceTree = "<group>"; };
		2DDFEAEA24C44D2D00E016BC /* Profile.jpeg */ = {isa = PBXFileReference; lastKnownFileType = image.jpeg; path = Profile.jpeg; sourceTree = "<group>"; };
		2DDFEAED24C44DE200E016BC /* UIView.swift */ = {isa = PBXFileReference; fileEncoding = 4; lastKnownFileType = sourcecode.swift; path = UIView.swift; sourceTree = "<group>"; };
		2DDFEAF024C44E8300E016BC /* UIViewController.swift */ = {isa = PBXFileReference; lastKnownFileType = sourcecode.swift; path = UIViewController.swift; sourceTree = "<group>"; };
		2DE5CD2624C467B400824F46 /* whitePixel.png */ = {isa = PBXFileReference; lastKnownFileType = image.png; path = whitePixel.png; sourceTree = "<group>"; };
		2DEB5AD424EFDBAC002D2F3B /* String.swift */ = {isa = PBXFileReference; lastKnownFileType = sourcecode.swift; path = String.swift; sourceTree = "<group>"; };
		2DFAFE6B24C9693D00E84DC9 /* ViewModel.swift */ = {isa = PBXFileReference; lastKnownFileType = sourcecode.swift; path = ViewModel.swift; sourceTree = "<group>"; };
/* End PBXFileReference section */

/* Begin PBXFrameworksBuildPhase section */
		2D2F27D124C39352004C8D8E /* Frameworks */ = {
			isa = PBXFrameworksBuildPhase;
			buildActionMask = 2147483647;
			files = (
				2D2D0A8324C4515B0023FA22 /* Logging in Frameworks */,
			);
			runOnlyForDeploymentPostprocessing = 0;
		};
		2D2F27E724C39354004C8D8E /* Frameworks */ = {
			isa = PBXFrameworksBuildPhase;
			buildActionMask = 2147483647;
			files = (
				2D957C4924C3A274000BDC86 /* Quick in Frameworks */,
				2D957C4D24C3A2D3000BDC86 /* Nimble in Frameworks */,
			);
			runOnlyForDeploymentPostprocessing = 0;
		};
		2D2F27F224C39354004C8D8E /* Frameworks */ = {
			isa = PBXFrameworksBuildPhase;
			buildActionMask = 2147483647;
			files = (
			);
			runOnlyForDeploymentPostprocessing = 0;
		};
/* End PBXFrameworksBuildPhase section */

/* Begin PBXGroup section */
		2D0E735924D6098800B697EA /* Cells */ = {
			isa = PBXGroup;
			children = (
				2D0E735A24D609C200B697EA /* HeaderCollectionViewCell.swift */,
				2D0E735C24D6B6C100B697EA /* ContactCollectionViewCell.swift */,
				2D2C087C24D99707001EFA58 /* ImageCollectionViewCell.swift */,
				2D865DB324EFD12500407205 /* AboutCollectionViewCell.swift */,
			);
			path = Cells;
			sourceTree = "<group>";
		};
		2D2F27CB24C39352004C8D8E = {
			isa = PBXGroup;
			children = (
				2D2F27D624C39352004C8D8E /* CV */,
				2D2F27ED24C39354004C8D8E /* CVTests */,
				2D2F27F824C39354004C8D8E /* CVUITests */,
				2D2F27D524C39352004C8D8E /* Products */,
			);
			sourceTree = "<group>";
		};
		2D2F27D524C39352004C8D8E /* Products */ = {
			isa = PBXGroup;
			children = (
				2D2F27D424C39352004C8D8E /* CV.app */,
				2D2F27EA24C39354004C8D8E /* CVTests.xctest */,
				2D2F27F524C39354004C8D8E /* CVUITests.xctest */,
			);
			name = Products;
			sourceTree = "<group>";
		};
		2D2F27D624C39352004C8D8E /* CV */ = {
			isa = PBXGroup;
			children = (
				2D2F280724C39490004C8D8E /* AppDelegate */,
				2D2F280A24C39502004C8D8E /* Scenes */,
				2DDFEAEF24C44DE900E016BC /* Extensions */,
				2D2F280924C394D0004C8D8E /* Storyboards */,
				2D2F280B24C3951C004C8D8E /* Resources */,
				2D2F280824C394A6004C8D8E /* Supporting Files */,
			);
			path = CV;
			sourceTree = "<group>";
		};
		2D2F27ED24C39354004C8D8E /* CVTests */ = {
			isa = PBXGroup;
			children = (
				2D957C4324C3A00D000BDC86 /* Scenes */,
				2DDFEADE24C3A59900E016BC /* Tests Helpers */,
				2D5BB3C724C46414006DE8E2 /* Tests Files */,
				2D2F27F024C39354004C8D8E /* Info.plist */,
			);
			path = CVTests;
			sourceTree = "<group>";
		};
		2D2F27F824C39354004C8D8E /* CVUITests */ = {
			isa = PBXGroup;
			children = (
				2D2F27F924C39354004C8D8E /* CVUITests.swift */,
				2D2F27FB24C39354004C8D8E /* Info.plist */,
			);
			path = CVUITests;
			sourceTree = "<group>";
		};
		2D2F280724C39490004C8D8E /* AppDelegate */ = {
			isa = PBXGroup;
			children = (
				2D2F27D724C39352004C8D8E /* AppDelegate.swift */,
				2D2F27D924C39352004C8D8E /* SceneDelegate.swift */,
			);
			path = AppDelegate;
			sourceTree = "<group>";
		};
		2D2F280824C394A6004C8D8E /* Supporting Files */ = {
			isa = PBXGroup;
			children = (
				2D2F27E524C39354004C8D8E /* Info.plist */,
			);
			path = "Supporting Files";
			sourceTree = "<group>";
		};
		2D2F280924C394D0004C8D8E /* Storyboards */ = {
			isa = PBXGroup;
			children = (
				2D2F27DD24C39352004C8D8E /* Main.storyboard */,
				2D2F27E224C39354004C8D8E /* LaunchScreen.storyboard */,
			);
			path = Storyboards;
			sourceTree = "<group>";
		};
		2D2F280A24C39502004C8D8E /* Scenes */ = {
			isa = PBXGroup;
			children = (
				2D0E735924D6098800B697EA /* Cells */,
				2D2F27DB24C39352004C8D8E /* ViewController.swift */,
				2DFAFE6B24C9693D00E84DC9 /* ViewModel.swift */,
				2D1C272D24CB24C600787E61 /* DataSource.swift */,
				2DAF343A24D8AA6700F33949 /* CellProvider.swift */,
				2D0C9F1E24DC46D6005F2D2B /* CollectionViewLayoutGenerator.swift */,
				2D2F280E24C39781004C8D8E /* Image */,
			);
			path = Scenes;
			sourceTree = "<group>";
		};
		2D2F280B24C3951C004C8D8E /* Resources */ = {
			isa = PBXGroup;
			children = (
				2DAF344724D9FCC000F33949 /* Fonts */,
				2DDFEAEA24C44D2D00E016BC /* Profile.jpeg */,
				2D8C6E8024EFE01B006D8B5C /* Localizable.strings */,
				2D2F27E024C39354004C8D8E /* Assets.xcassets */,
			);
			path = Resources;
			sourceTree = "<group>";
		};
		2D2F280E24C39781004C8D8E /* Image */ = {
			isa = PBXGroup;
			children = (
				2D957C4024C39DF4000BDC86 /* Workers */,
				2D2F281124C399EF004C8D8E /* ImageInteractor.swift */,
				2D2F281324C39A02004C8D8E /* ImagePresenter.swift */,
				2D2F280F24C397BC004C8D8E /* ImageViewController.swift */,
			);
			path = Image;
			sourceTree = "<group>";
		};
		2D5BB3C224C45BBB006DE8E2 /* Workers */ = {
			isa = PBXGroup;
			children = (
				2D5BB3C324C45BD1006DE8E2 /* ImageProviderTests.swift */,
			);
			path = Workers;
			sourceTree = "<group>";
		};
		2D5BB3C724C46414006DE8E2 /* Tests Files */ = {
			isa = PBXGroup;
			children = (
				2DE5CD2624C467B400824F46 /* whitePixel.png */,
				2D5BB3C824C4647B006DE8E2 /* empty.json */,
			);
			path = "Tests Files";
			sourceTree = "<group>";
		};
		2D957C4024C39DF4000BDC86 /* Workers */ = {
			isa = PBXGroup;
			children = (
				2D957C4124C39E0B000BDC86 /* ImageProvider.swift */,
			);
			path = Workers;
			sourceTree = "<group>";
		};
		2D957C4324C3A00D000BDC86 /* Scenes */ = {
			isa = PBXGroup;
			children = (
				2DAF344024D8B98400F33949 /* Cells */,
				2D1C272F24CB283000787E61 /* DataSourceTests.swift */,
				2D957C4424C3A01E000BDC86 /* Image  */,
			);
			path = Scenes;
			sourceTree = "<group>";
		};
		2D957C4424C3A01E000BDC86 /* Image  */ = {
			isa = PBXGroup;
			children = (
				2D5BB3C224C45BBB006DE8E2 /* Workers */,
				2DDFEAE324C3A5C200E016BC /* Mocks */,
				2D957C4524C3A039000BDC86 /* ImageInteractorTests.swift */,
				2D2BB9C824C6F88200235BE9 /* ImagePresenterTests.swift */,
			);
			path = "Image ";
			sourceTree = "<group>";
		};
		2DAF344024D8B98400F33949 /* Cells */ = {
			isa = PBXGroup;
			children = (
				2DAF344124D8B99800F33949 /* CellProviderTests.swift */,
			);
			path = Cells;
			sourceTree = "<group>";
		};
		2DAF344724D9FCC000F33949 /* Fonts */ = {
			isa = PBXGroup;
			children = (
				2DAF344A24DA006500F33949 /* OpenSans-Regular.ttf */,
				2DAF344324D9FCB200F33949 /* BebasNeue-Regular.ttf */,
				2DAF344524D9FCBB00F33949 /* BebasNeue-Bold.ttf */,
			);
			path = Fonts;
			sourceTree = "<group>";
		};
		2DDFEADE24C3A59900E016BC /* Tests Helpers */ = {
			isa = PBXGroup;
			children = (
				2DDFEADF24C3A5A700E016BC /* Spy.swift */,
				2DDFEAE024C3A5A700E016BC /* Stub.swift */,
				2DDFEAE624C42CA400E016BC /* Stubs.swift */,
				2D4BEB4224C5B60900F6DE8A /* CVStubs.swift */,
				2D5BB3CA24C464A7006DE8E2 /* TestsFiles.swift */,
			);
			path = "Tests Helpers";
			sourceTree = "<group>";
		};
		2DDFEAE324C3A5C200E016BC /* Mocks */ = {
			isa = PBXGroup;
			children = (
				2DDFEAE424C3A5E500E016BC /* ImagePresenterMocks.swift */,
				2DDFEAE824C42CE300E016BC /* ImageProviderMocks.swift */,
				2D2BB9CA24C6F8F600235BE9 /* ImageViewLogicMocks.swift */,
			);
			path = Mocks;
			sourceTree = "<group>";
		};
		2DDFEAEF24C44DE900E016BC /* Extensions */ = {
			isa = PBXGroup;
			children = (
				2DDFEAED24C44DE200E016BC /* UIView.swift */,
				2DDFEAF024C44E8300E016BC /* UIViewController.swift */,
				2DAF343C24D8AC1700F33949 /* UICollectionViewCell.swift */,
				2DAF343E24D8B81900F33949 /* UICollectionView.swift */,
				2D2D0A8424C452A00023FA22 /* Logger.swift */,
				2D0D778324DA088F0037C377 /* UIColor.swift */,
				2D0D778524DA0A3C0037C377 /* UIFont.swift */,
				2DEB5AD424EFDBAC002D2F3B /* String.swift */,
			);
			path = Extensions;
			sourceTree = "<group>";
		};
/* End PBXGroup section */

/* Begin PBXNativeTarget section */
		2D2F27D324C39352004C8D8E /* CV */ = {
			isa = PBXNativeTarget;
			buildConfigurationList = 2D2F27FE24C39354004C8D8E /* Build configuration list for PBXNativeTarget "CV" */;
			buildPhases = (
				2D2F27D024C39352004C8D8E /* Sources */,
				2D2F27D124C39352004C8D8E /* Frameworks */,
				2D2F27D224C39352004C8D8E /* Resources */,
				2D4673A624C733CA007981D6 /* Swiftlint */,
			);
			buildRules = (
			);
			dependencies = (
			);
			name = CV;
			packageProductDependencies = (
				2D2D0A8224C4515B0023FA22 /* Logging */,
			);
			productName = CV;
			productReference = 2D2F27D424C39352004C8D8E /* CV.app */;
			productType = "com.apple.product-type.application";
		};
		2D2F27E924C39354004C8D8E /* CVTests */ = {
			isa = PBXNativeTarget;
			buildConfigurationList = 2D2F280124C39354004C8D8E /* Build configuration list for PBXNativeTarget "CVTests" */;
			buildPhases = (
				2D2F27E624C39354004C8D8E /* Sources */,
				2D2F27E724C39354004C8D8E /* Frameworks */,
				2D2F27E824C39354004C8D8E /* Resources */,
			);
			buildRules = (
			);
			dependencies = (
				2D2F27EC24C39354004C8D8E /* PBXTargetDependency */,
			);
			name = CVTests;
			packageProductDependencies = (
				2D957C4824C3A274000BDC86 /* Quick */,
				2D957C4C24C3A2D3000BDC86 /* Nimble */,
			);
			productName = CVTests;
			productReference = 2D2F27EA24C39354004C8D8E /* CVTests.xctest */;
			productType = "com.apple.product-type.bundle.unit-test";
		};
		2D2F27F424C39354004C8D8E /* CVUITests */ = {
			isa = PBXNativeTarget;
			buildConfigurationList = 2D2F280424C39354004C8D8E /* Build configuration list for PBXNativeTarget "CVUITests" */;
			buildPhases = (
				2D2F27F124C39354004C8D8E /* Sources */,
				2D2F27F224C39354004C8D8E /* Frameworks */,
				2D2F27F324C39354004C8D8E /* Resources */,
			);
			buildRules = (
			);
			dependencies = (
				2D2F27F724C39354004C8D8E /* PBXTargetDependency */,
			);
			name = CVUITests;
			productName = CVUITests;
			productReference = 2D2F27F524C39354004C8D8E /* CVUITests.xctest */;
			productType = "com.apple.product-type.bundle.ui-testing";
		};
/* End PBXNativeTarget section */

/* Begin PBXProject section */
		2D2F27CC24C39352004C8D8E /* Project object */ = {
			isa = PBXProject;
			attributes = {
				LastSwiftUpdateCheck = 1150;
				LastUpgradeCheck = 1150;
				ORGANIZATIONNAME = "Grzegorz Wikiera";
				TargetAttributes = {
					2D2F27D324C39352004C8D8E = {
						CreatedOnToolsVersion = 11.5;
					};
					2D2F27E924C39354004C8D8E = {
						CreatedOnToolsVersion = 11.5;
						TestTargetID = 2D2F27D324C39352004C8D8E;
					};
					2D2F27F424C39354004C8D8E = {
						CreatedOnToolsVersion = 11.5;
						TestTargetID = 2D2F27D324C39352004C8D8E;
					};
				};
			};
			buildConfigurationList = 2D2F27CF24C39352004C8D8E /* Build configuration list for PBXProject "CV" */;
			compatibilityVersion = "Xcode 9.3";
			developmentRegion = en;
			hasScannedForEncodings = 0;
			knownRegions = (
				en,
				Base,
			);
			mainGroup = 2D2F27CB24C39352004C8D8E;
			packageReferences = (
				2D957C4724C3A274000BDC86 /* XCRemoteSwiftPackageReference "Quick" */,
				2D957C4B24C3A2D3000BDC86 /* XCRemoteSwiftPackageReference "Nimble" */,
				2D2D0A8124C4515B0023FA22 /* XCRemoteSwiftPackageReference "swift-log" */,
			);
			productRefGroup = 2D2F27D524C39352004C8D8E /* Products */;
			projectDirPath = "";
			projectRoot = "";
			targets = (
				2D2F27D324C39352004C8D8E /* CV */,
				2D2F27E924C39354004C8D8E /* CVTests */,
				2D2F27F424C39354004C8D8E /* CVUITests */,
			);
		};
/* End PBXProject section */

/* Begin PBXResourcesBuildPhase section */
		2D2F27D224C39352004C8D8E /* Resources */ = {
			isa = PBXResourcesBuildPhase;
			buildActionMask = 2147483647;
			files = (
				2DAF344424D9FCB200F33949 /* BebasNeue-Regular.ttf in Resources */,
				2D2F27E424C39354004C8D8E /* LaunchScreen.storyboard in Resources */,
				2DDFEAEB24C44D2D00E016BC /* Profile.jpeg in Resources */,
				2D2F27E124C39354004C8D8E /* Assets.xcassets in Resources */,
				2DAF344624D9FCBC00F33949 /* BebasNeue-Bold.ttf in Resources */,
				2D8C6E7E24EFE01B006D8B5C /* Localizable.strings in Resources */,
				2DAF344B24DA006500F33949 /* OpenSans-Regular.ttf in Resources */,
				2D2F27DF24C39352004C8D8E /* Main.storyboard in Resources */,
			);
			runOnlyForDeploymentPostprocessing = 0;
		};
		2D2F27E824C39354004C8D8E /* Resources */ = {
			isa = PBXResourcesBuildPhase;
			buildActionMask = 2147483647;
			files = (
				2D5BB3C924C4647B006DE8E2 /* empty.json in Resources */,
				2DE5CD2724C467B400824F46 /* whitePixel.png in Resources */,
			);
			runOnlyForDeploymentPostprocessing = 0;
		};
		2D2F27F324C39354004C8D8E /* Resources */ = {
			isa = PBXResourcesBuildPhase;
			buildActionMask = 2147483647;
			files = (
			);
			runOnlyForDeploymentPostprocessing = 0;
		};
/* End PBXResourcesBuildPhase section */

/* Begin PBXShellScriptBuildPhase section */
		2D4673A624C733CA007981D6 /* Swiftlint */ = {
			isa = PBXShellScriptBuildPhase;
			buildActionMask = 2147483647;
			files = (
			);
			inputFileListPaths = (
			);
			inputPaths = (
			);
			name = Swiftlint;
			outputFileListPaths = (
			);
			outputPaths = (
			);
			runOnlyForDeploymentPostprocessing = 0;
			shellPath = /bin/sh;
			shellScript = "if which swiftlint >/dev/null; then\n    swiftlint\nelse\n    echo \"warning: SwiftLint not installed, download from https://github.com/realm/SwiftLint\"\nfi\n";
		};
/* End PBXShellScriptBuildPhase section */

/* Begin PBXSourcesBuildPhase section */
		2D2F27D024C39352004C8D8E /* Sources */ = {
			isa = PBXSourcesBuildPhase;
			buildActionMask = 2147483647;
			files = (
				2DAF343B24D8AA6700F33949 /* CellProvider.swift in Sources */,
				2D0E735B24D609C200B697EA /* HeaderCollectionViewCell.swift in Sources */,
				2DDFEAEE24C44DE200E016BC /* UIView.swift in Sources */,
				2D0C9F1F24DC46D6005F2D2B /* CollectionViewLayoutGenerator.swift in Sources */,
				2D2F281224C399EF004C8D8E /* ImageInteractor.swift in Sources */,
				2DDFEAF124C44E8300E016BC /* UIViewController.swift in Sources */,
				2D865DB424EFD12500407205 /* AboutCollectionViewCell.swift in Sources */,
				2DFAFE6C24C9693D00E84DC9 /* ViewModel.swift in Sources */,
				2D2C087D24D99707001EFA58 /* ImageCollectionViewCell.swift in Sources */,
				2D0E735D24D6B6C100B697EA /* ContactCollectionViewCell.swift in Sources */,
				2D0D778624DA0A3C0037C377 /* UIFont.swift in Sources */,
				2D0D778424DA088F0037C377 /* UIColor.swift in Sources */,
				2D2F27DC24C39352004C8D8E /* ViewController.swift in Sources */,
				2D2F27D824C39352004C8D8E /* AppDelegate.swift in Sources */,
				2D2D0A8524C452A00023FA22 /* Logger.swift in Sources */,
				2DAF343D24D8AC1700F33949 /* UICollectionViewCell.swift in Sources */,
				2D1C272E24CB24C600787E61 /* DataSource.swift in Sources */,
				2D2F281024C397BC004C8D8E /* ImageViewController.swift in Sources */,
				2D2F281424C39A02004C8D8E /* ImagePresenter.swift in Sources */,
				2DEB5AD524EFDBAC002D2F3B /* String.swift in Sources */,
				2D957C4224C39E0B000BDC86 /* ImageProvider.swift in Sources */,
				2D2F27DA24C39352004C8D8E /* SceneDelegate.swift in Sources */,
				2DAF343F24D8B81900F33949 /* UICollectionView.swift in Sources */,
			);
			runOnlyForDeploymentPostprocessing = 0;
		};
		2D2F27E624C39354004C8D8E /* Sources */ = {
			isa = PBXSourcesBuildPhase;
			buildActionMask = 2147483647;
			files = (
				2DDFEAE524C3A5E500E016BC /* ImagePresenterMocks.swift in Sources */,
				2D5BB3CB24C464A7006DE8E2 /* TestsFiles.swift in Sources */,
				2D4BEB4324C5B60900F6DE8A /* CVStubs.swift in Sources */,
				2DDFEAE124C3A5A700E016BC /* Spy.swift in Sources */,
				2DDFEAE924C42CE300E016BC /* ImageProviderMocks.swift in Sources */,
				2D5BB3C424C45BD1006DE8E2 /* ImageProviderTests.swift in Sources */,
				2D1C273024CB283000787E61 /* DataSourceTests.swift in Sources */,
				2DAF344224D8B99800F33949 /* CellProviderTests.swift in Sources */,
				2DDFEAE224C3A5A700E016BC /* Stub.swift in Sources */,
				2D2BB9CB24C6F8F600235BE9 /* ImageViewLogicMocks.swift in Sources */,
				2D957C4624C3A039000BDC86 /* ImageInteractorTests.swift in Sources */,
				2D2BB9C924C6F88200235BE9 /* ImagePresenterTests.swift in Sources */,
				2DDFEAE724C42CA400E016BC /* Stubs.swift in Sources */,
			);
			runOnlyForDeploymentPostprocessing = 0;
		};
		2D2F27F124C39354004C8D8E /* Sources */ = {
			isa = PBXSourcesBuildPhase;
			buildActionMask = 2147483647;
			files = (
				2D2F27FA24C39354004C8D8E /* CVUITests.swift in Sources */,
			);
			runOnlyForDeploymentPostprocessing = 0;
		};
/* End PBXSourcesBuildPhase section */

/* Begin PBXTargetDependency section */
		2D2F27EC24C39354004C8D8E /* PBXTargetDependency */ = {
			isa = PBXTargetDependency;
			target = 2D2F27D324C39352004C8D8E /* CV */;
			targetProxy = 2D2F27EB24C39354004C8D8E /* PBXContainerItemProxy */;
		};
		2D2F27F724C39354004C8D8E /* PBXTargetDependency */ = {
			isa = PBXTargetDependency;
			target = 2D2F27D324C39352004C8D8E /* CV */;
			targetProxy = 2D2F27F624C39354004C8D8E /* PBXContainerItemProxy */;
		};
/* End PBXTargetDependency section */

/* Begin PBXVariantGroup section */
		2D2F27DD24C39352004C8D8E /* Main.storyboard */ = {
			isa = PBXVariantGroup;
			children = (
				2D2F27DE24C39352004C8D8E /* Base */,
			);
			name = Main.storyboard;
			sourceTree = "<group>";
		};
		2D2F27E224C39354004C8D8E /* LaunchScreen.storyboard */ = {
			isa = PBXVariantGroup;
			children = (
				2D2F27E324C39354004C8D8E /* Base */,
			);
			name = LaunchScreen.storyboard;
			sourceTree = "<group>";
		};
		2D8C6E8024EFE01B006D8B5C /* Localizable.strings */ = {
			isa = PBXVariantGroup;
			children = (
				2D8C6E7F24EFE01B006D8B5C /* en */,
			);
			name = Localizable.strings;
			sourceTree = "<group>";
		};
/* End PBXVariantGroup section */

/* Begin XCBuildConfiguration section */
		2D2F27FC24C39354004C8D8E /* Debug */ = {
			isa = XCBuildConfiguration;
			buildSettings = {
				ALWAYS_SEARCH_USER_PATHS = NO;
				CLANG_ANALYZER_NONNULL = YES;
				CLANG_ANALYZER_NUMBER_OBJECT_CONVERSION = YES_AGGRESSIVE;
				CLANG_CXX_LANGUAGE_STANDARD = "gnu++14";
				CLANG_CXX_LIBRARY = "libc++";
				CLANG_ENABLE_MODULES = YES;
				CLANG_ENABLE_OBJC_ARC = YES;
				CLANG_ENABLE_OBJC_WEAK = YES;
				CLANG_WARN_BLOCK_CAPTURE_AUTORELEASING = YES;
				CLANG_WARN_BOOL_CONVERSION = YES;
				CLANG_WARN_COMMA = YES;
				CLANG_WARN_CONSTANT_CONVERSION = YES;
				CLANG_WARN_DEPRECATED_OBJC_IMPLEMENTATIONS = YES;
				CLANG_WARN_DIRECT_OBJC_ISA_USAGE = YES_ERROR;
				CLANG_WARN_DOCUMENTATION_COMMENTS = YES;
				CLANG_WARN_EMPTY_BODY = YES;
				CLANG_WARN_ENUM_CONVERSION = YES;
				CLANG_WARN_INFINITE_RECURSION = YES;
				CLANG_WARN_INT_CONVERSION = YES;
				CLANG_WARN_NON_LITERAL_NULL_CONVERSION = YES;
				CLANG_WARN_OBJC_IMPLICIT_RETAIN_SELF = YES;
				CLANG_WARN_OBJC_LITERAL_CONVERSION = YES;
				CLANG_WARN_OBJC_ROOT_CLASS = YES_ERROR;
				CLANG_WARN_RANGE_LOOP_ANALYSIS = YES;
				CLANG_WARN_STRICT_PROTOTYPES = YES;
				CLANG_WARN_SUSPICIOUS_MOVE = YES;
				CLANG_WARN_UNGUARDED_AVAILABILITY = YES_AGGRESSIVE;
				CLANG_WARN_UNREACHABLE_CODE = YES;
				CLANG_WARN__DUPLICATE_METHOD_MATCH = YES;
				COPY_PHASE_STRIP = NO;
				DEBUG_INFORMATION_FORMAT = dwarf;
				ENABLE_STRICT_OBJC_MSGSEND = YES;
				ENABLE_TESTABILITY = YES;
				GCC_C_LANGUAGE_STANDARD = gnu11;
				GCC_DYNAMIC_NO_PIC = NO;
				GCC_NO_COMMON_BLOCKS = YES;
				GCC_OPTIMIZATION_LEVEL = 0;
				GCC_PREPROCESSOR_DEFINITIONS = (
					"DEBUG=1",
					"$(inherited)",
				);
				GCC_WARN_64_TO_32_BIT_CONVERSION = YES;
				GCC_WARN_ABOUT_RETURN_TYPE = YES_ERROR;
				GCC_WARN_UNDECLARED_SELECTOR = YES;
				GCC_WARN_UNINITIALIZED_AUTOS = YES_AGGRESSIVE;
				GCC_WARN_UNUSED_FUNCTION = YES;
				GCC_WARN_UNUSED_VARIABLE = YES;
				IPHONEOS_DEPLOYMENT_TARGET = 13.5;
				MTL_ENABLE_DEBUG_INFO = INCLUDE_SOURCE;
				MTL_FAST_MATH = YES;
				ONLY_ACTIVE_ARCH = YES;
				SDKROOT = iphoneos;
				SWIFT_ACTIVE_COMPILATION_CONDITIONS = DEBUG;
				SWIFT_OPTIMIZATION_LEVEL = "-Onone";
			};
			name = Debug;
		};
		2D2F27FD24C39354004C8D8E /* Release */ = {
			isa = XCBuildConfiguration;
			buildSettings = {
				ALWAYS_SEARCH_USER_PATHS = NO;
				CLANG_ANALYZER_NONNULL = YES;
				CLANG_ANALYZER_NUMBER_OBJECT_CONVERSION = YES_AGGRESSIVE;
				CLANG_CXX_LANGUAGE_STANDARD = "gnu++14";
				CLANG_CXX_LIBRARY = "libc++";
				CLANG_ENABLE_MODULES = YES;
				CLANG_ENABLE_OBJC_ARC = YES;
				CLANG_ENABLE_OBJC_WEAK = YES;
				CLANG_WARN_BLOCK_CAPTURE_AUTORELEASING = YES;
				CLANG_WARN_BOOL_CONVERSION = YES;
				CLANG_WARN_COMMA = YES;
				CLANG_WARN_CONSTANT_CONVERSION = YES;
				CLANG_WARN_DEPRECATED_OBJC_IMPLEMENTATIONS = YES;
				CLANG_WARN_DIRECT_OBJC_ISA_USAGE = YES_ERROR;
				CLANG_WARN_DOCUMENTATION_COMMENTS = YES;
				CLANG_WARN_EMPTY_BODY = YES;
				CLANG_WARN_ENUM_CONVERSION = YES;
				CLANG_WARN_INFINITE_RECURSION = YES;
				CLANG_WARN_INT_CONVERSION = YES;
				CLANG_WARN_NON_LITERAL_NULL_CONVERSION = YES;
				CLANG_WARN_OBJC_IMPLICIT_RETAIN_SELF = YES;
				CLANG_WARN_OBJC_LITERAL_CONVERSION = YES;
				CLANG_WARN_OBJC_ROOT_CLASS = YES_ERROR;
				CLANG_WARN_RANGE_LOOP_ANALYSIS = YES;
				CLANG_WARN_STRICT_PROTOTYPES = YES;
				CLANG_WARN_SUSPICIOUS_MOVE = YES;
				CLANG_WARN_UNGUARDED_AVAILABILITY = YES_AGGRESSIVE;
				CLANG_WARN_UNREACHABLE_CODE = YES;
				CLANG_WARN__DUPLICATE_METHOD_MATCH = YES;
				COPY_PHASE_STRIP = NO;
				DEBUG_INFORMATION_FORMAT = "dwarf-with-dsym";
				ENABLE_NS_ASSERTIONS = NO;
				ENABLE_STRICT_OBJC_MSGSEND = YES;
				GCC_C_LANGUAGE_STANDARD = gnu11;
				GCC_NO_COMMON_BLOCKS = YES;
				GCC_WARN_64_TO_32_BIT_CONVERSION = YES;
				GCC_WARN_ABOUT_RETURN_TYPE = YES_ERROR;
				GCC_WARN_UNDECLARED_SELECTOR = YES;
				GCC_WARN_UNINITIALIZED_AUTOS = YES_AGGRESSIVE;
				GCC_WARN_UNUSED_FUNCTION = YES;
				GCC_WARN_UNUSED_VARIABLE = YES;
				IPHONEOS_DEPLOYMENT_TARGET = 13.5;
				MTL_ENABLE_DEBUG_INFO = NO;
				MTL_FAST_MATH = YES;
				SDKROOT = iphoneos;
				SWIFT_COMPILATION_MODE = wholemodule;
				SWIFT_OPTIMIZATION_LEVEL = "-O";
				VALIDATE_PRODUCT = YES;
			};
			name = Release;
		};
		2D2F27FF24C39354004C8D8E /* Debug */ = {
			isa = XCBuildConfiguration;
			buildSettings = {
				ASSETCATALOG_COMPILER_APPICON_NAME = AppIcon;
				CODE_SIGN_STYLE = Automatic;
				DEVELOPMENT_TEAM = 8V64EQR36T;
				INFOPLIST_FILE = "CV/Supporting Files/Info.plist";
				LD_RUNPATH_SEARCH_PATHS = (
					"$(inherited)",
					"@executable_path/Frameworks",
				);
				PRODUCT_BUNDLE_IDENTIFIER = com.gwikiera.CV;
				PRODUCT_NAME = "$(TARGET_NAME)";
				SWIFT_VERSION = 5.0;
				TARGETED_DEVICE_FAMILY = "1,2";
			};
			name = Debug;
		};
		2D2F280024C39354004C8D8E /* Release */ = {
			isa = XCBuildConfiguration;
			buildSettings = {
				ASSETCATALOG_COMPILER_APPICON_NAME = AppIcon;
				CODE_SIGN_STYLE = Automatic;
				DEVELOPMENT_TEAM = 8V64EQR36T;
				INFOPLIST_FILE = "CV/Supporting Files/Info.plist";
				LD_RUNPATH_SEARCH_PATHS = (
					"$(inherited)",
					"@executable_path/Frameworks",
				);
				PRODUCT_BUNDLE_IDENTIFIER = com.gwikiera.CV;
				PRODUCT_NAME = "$(TARGET_NAME)";
				SWIFT_VERSION = 5.0;
				TARGETED_DEVICE_FAMILY = "1,2";
			};
			name = Release;
		};
		2D2F280224C39354004C8D8E /* Debug */ = {
			isa = XCBuildConfiguration;
			buildSettings = {
				ALWAYS_EMBED_SWIFT_STANDARD_LIBRARIES = YES;
				BUNDLE_LOADER = "$(TEST_HOST)";
				CODE_SIGN_STYLE = Automatic;
				DEVELOPMENT_TEAM = 8V64EQR36T;
				INFOPLIST_FILE = CVTests/Info.plist;
				IPHONEOS_DEPLOYMENT_TARGET = 13.5;
				LD_RUNPATH_SEARCH_PATHS = (
					"$(inherited)",
					"@executable_path/Frameworks",
					"@loader_path/Frameworks",
				);
				PRODUCT_BUNDLE_IDENTIFIER = com.gwikiera.CVTests;
				PRODUCT_NAME = "$(TARGET_NAME)";
				SWIFT_VERSION = 5.0;
				TARGETED_DEVICE_FAMILY = "1,2";
				TEST_HOST = "$(BUILT_PRODUCTS_DIR)/CV.app/CV";
			};
			name = Debug;
		};
		2D2F280324C39354004C8D8E /* Release */ = {
			isa = XCBuildConfiguration;
			buildSettings = {
				ALWAYS_EMBED_SWIFT_STANDARD_LIBRARIES = YES;
				BUNDLE_LOADER = "$(TEST_HOST)";
				CODE_SIGN_STYLE = Automatic;
				DEVELOPMENT_TEAM = 8V64EQR36T;
				INFOPLIST_FILE = CVTests/Info.plist;
				IPHONEOS_DEPLOYMENT_TARGET = 13.5;
				LD_RUNPATH_SEARCH_PATHS = (
					"$(inherited)",
					"@executable_path/Frameworks",
					"@loader_path/Frameworks",
				);
				PRODUCT_BUNDLE_IDENTIFIER = com.gwikiera.CVTests;
				PRODUCT_NAME = "$(TARGET_NAME)";
				SWIFT_VERSION = 5.0;
				TARGETED_DEVICE_FAMILY = "1,2";
				TEST_HOST = "$(BUILT_PRODUCTS_DIR)/CV.app/CV";
			};
			name = Release;
		};
		2D2F280524C39354004C8D8E /* Debug */ = {
			isa = XCBuildConfiguration;
			buildSettings = {
				ALWAYS_EMBED_SWIFT_STANDARD_LIBRARIES = YES;
				CODE_SIGN_STYLE = Automatic;
				DEVELOPMENT_TEAM = 8V64EQR36T;
				INFOPLIST_FILE = CVUITests/Info.plist;
				LD_RUNPATH_SEARCH_PATHS = (
					"$(inherited)",
					"@executable_path/Frameworks",
					"@loader_path/Frameworks",
				);
				PRODUCT_BUNDLE_IDENTIFIER = com.gwikiera.CVUITests;
				PRODUCT_NAME = "$(TARGET_NAME)";
				SWIFT_VERSION = 5.0;
				TARGETED_DEVICE_FAMILY = "1,2";
				TEST_TARGET_NAME = CV;
			};
			name = Debug;
		};
		2D2F280624C39354004C8D8E /* Release */ = {
			isa = XCBuildConfiguration;
			buildSettings = {
				ALWAYS_EMBED_SWIFT_STANDARD_LIBRARIES = YES;
				CODE_SIGN_STYLE = Automatic;
				DEVELOPMENT_TEAM = 8V64EQR36T;
				INFOPLIST_FILE = CVUITests/Info.plist;
				LD_RUNPATH_SEARCH_PATHS = (
					"$(inherited)",
					"@executable_path/Frameworks",
					"@loader_path/Frameworks",
				);
				PRODUCT_BUNDLE_IDENTIFIER = com.gwikiera.CVUITests;
				PRODUCT_NAME = "$(TARGET_NAME)";
				SWIFT_VERSION = 5.0;
				TARGETED_DEVICE_FAMILY = "1,2";
				TEST_TARGET_NAME = CV;
			};
			name = Release;
		};
/* End XCBuildConfiguration section */

/* Begin XCConfigurationList section */
		2D2F27CF24C39352004C8D8E /* Build configuration list for PBXProject "CV" */ = {
			isa = XCConfigurationList;
			buildConfigurations = (
				2D2F27FC24C39354004C8D8E /* Debug */,
				2D2F27FD24C39354004C8D8E /* Release */,
			);
			defaultConfigurationIsVisible = 0;
			defaultConfigurationName = Release;
		};
		2D2F27FE24C39354004C8D8E /* Build configuration list for PBXNativeTarget "CV" */ = {
			isa = XCConfigurationList;
			buildConfigurations = (
				2D2F27FF24C39354004C8D8E /* Debug */,
				2D2F280024C39354004C8D8E /* Release */,
			);
			defaultConfigurationIsVisible = 0;
			defaultConfigurationName = Release;
		};
		2D2F280124C39354004C8D8E /* Build configuration list for PBXNativeTarget "CVTests" */ = {
			isa = XCConfigurationList;
			buildConfigurations = (
				2D2F280224C39354004C8D8E /* Debug */,
				2D2F280324C39354004C8D8E /* Release */,
			);
			defaultConfigurationIsVisible = 0;
			defaultConfigurationName = Release;
		};
		2D2F280424C39354004C8D8E /* Build configuration list for PBXNativeTarget "CVUITests" */ = {
			isa = XCConfigurationList;
			buildConfigurations = (
				2D2F280524C39354004C8D8E /* Debug */,
				2D2F280624C39354004C8D8E /* Release */,
			);
			defaultConfigurationIsVisible = 0;
			defaultConfigurationName = Release;
		};
/* End XCConfigurationList section */

/* Begin XCRemoteSwiftPackageReference section */
		2D2D0A8124C4515B0023FA22 /* XCRemoteSwiftPackageReference "swift-log" */ = {
			isa = XCRemoteSwiftPackageReference;
			repositoryURL = "https://github.com/apple/swift-log.git";
			requirement = {
				kind = upToNextMajorVersion;
				minimumVersion = 1.4.0;
			};
		};
		2D957C4724C3A274000BDC86 /* XCRemoteSwiftPackageReference "Quick" */ = {
			isa = XCRemoteSwiftPackageReference;
			repositoryURL = "https://github.com/Quick/Quick.git";
			requirement = {
				kind = upToNextMajorVersion;
				minimumVersion = 3.0.0;
			};
		};
		2D957C4B24C3A2D3000BDC86 /* XCRemoteSwiftPackageReference "Nimble" */ = {
			isa = XCRemoteSwiftPackageReference;
			repositoryURL = "https://github.com/Quick/Nimble";
			requirement = {
				kind = upToNextMajorVersion;
				minimumVersion = 8.1.1;
			};
		};
/* End XCRemoteSwiftPackageReference section */

/* Begin XCSwiftPackageProductDependency section */
		2D2D0A8224C4515B0023FA22 /* Logging */ = {
			isa = XCSwiftPackageProductDependency;
			package = 2D2D0A8124C4515B0023FA22 /* XCRemoteSwiftPackageReference "swift-log" */;
			productName = Logging;
		};
		2D957C4824C3A274000BDC86 /* Quick */ = {
			isa = XCSwiftPackageProductDependency;
			package = 2D957C4724C3A274000BDC86 /* XCRemoteSwiftPackageReference "Quick" */;
			productName = Quick;
		};
		2D957C4C24C3A2D3000BDC86 /* Nimble */ = {
			isa = XCSwiftPackageProductDependency;
			package = 2D957C4B24C3A2D3000BDC86 /* XCRemoteSwiftPackageReference "Nimble" */;
			productName = Nimble;
		};
/* End XCSwiftPackageProductDependency section */
	};
	rootObject = 2D2F27CC24C39352004C8D8E /* Project object */;
}
